// !$*UTF8*$!
{
	archiveVersion = 1;
	classes = {
	};
	objectVersion = 46;
	objects = {

/* Begin PBXBuildFile section */
		6CBAF7861EFC3B0B00F250CA /* AppDelegate.swift in Sources */ = {isa = PBXBuildFile; fileRef = 6CBAF7851EFC3B0B00F250CA /* AppDelegate.swift */; };
		6CBAF7881EFC3B0B00F250CA /* MasterViewController.swift in Sources */ = {isa = PBXBuildFile; fileRef = 6CBAF7871EFC3B0B00F250CA /* MasterViewController.swift */; };
		6CBAF78A1EFC3B0B00F250CA /* DetailViewController.swift in Sources */ = {isa = PBXBuildFile; fileRef = 6CBAF7891EFC3B0B00F250CA /* DetailViewController.swift */; };
		6CBAF78D1EFC3B0B00F250CA /* Main.storyboard in Resources */ = {isa = PBXBuildFile; fileRef = 6CBAF78B1EFC3B0B00F250CA /* Main.storyboard */; };
		6CBAF78F1EFC3B0B00F250CA /* Assets.xcassets in Resources */ = {isa = PBXBuildFile; fileRef = 6CBAF78E1EFC3B0B00F250CA /* Assets.xcassets */; };
		6CBAF7921EFC3B0B00F250CA /* LaunchScreen.storyboard in Resources */ = {isa = PBXBuildFile; fileRef = 6CBAF7901EFC3B0B00F250CA /* LaunchScreen.storyboard */; };
		6CBAF79D1EFC3B0B00F250CA /* AutoServiceTests.swift in Sources */ = {isa = PBXBuildFile; fileRef = 6CBAF79C1EFC3B0B00F250CA /* AutoServiceTests.swift */; };
		6CBAF7A81EFC3B0B00F250CA /* AutoServiceUITests.swift in Sources */ = {isa = PBXBuildFile; fileRef = 6CBAF7A71EFC3B0B00F250CA /* AutoServiceUITests.swift */; };
/* End PBXBuildFile section */

/* Begin PBXContainerItemProxy section */
		6CBAF7991EFC3B0B00F250CA /* PBXContainerItemProxy */ = {
			isa = PBXContainerItemProxy;
			containerPortal = 6CBAF77A1EFC3B0B00F250CA /* Project object */;
			proxyType = 1;
			remoteGlobalIDString = 6CBAF7811EFC3B0B00F250CA;
			remoteInfo = AutoService;
		};
		6CBAF7A41EFC3B0B00F250CA /* PBXContainerItemProxy */ = {
			isa = PBXContainerItemProxy;
			containerPortal = 6CBAF77A1EFC3B0B00F250CA /* Project object */;
			proxyType = 1;
			remoteGlobalIDString = 6CBAF7811EFC3B0B00F250CA;
			remoteInfo = AutoService;
		};
/* End PBXContainerItemProxy section */

/* Begin PBXFileReference section */
		6CBAF7821EFC3B0B00F250CA /* AutoService.app */ = {isa = PBXFileReference; explicitFileType = wrapper.application; includeInIndex = 0; path = AutoService.app; sourceTree = BUILT_PRODUCTS_DIR; };
		6CBAF7851EFC3B0B00F250CA /* AppDelegate.swift */ = {isa = PBXFileReference; lastKnownFileType = sourcecode.swift; path = AppDelegate.swift; sourceTree = "<group>"; };
		6CBAF7871EFC3B0B00F250CA /* MasterViewController.swift */ = {isa = PBXFileReference; lastKnownFileType = sourcecode.swift; path = MasterViewController.swift; sourceTree = "<group>"; };
		6CBAF7891EFC3B0B00F250CA /* DetailViewController.swift */ = {isa = PBXFileReference; lastKnownFileType = sourcecode.swift; path = DetailViewController.swift; sourceTree = "<group>"; };
		6CBAF78C1EFC3B0B00F250CA /* Base */ = {isa = PBXFileReference; lastKnownFileType = file.storyboard; name = Base; path = Base.lproj/Main.storyboard; sourceTree = "<group>"; };
		6CBAF78E1EFC3B0B00F250CA /* Assets.xcassets */ = {isa = PBXFileReference; lastKnownFileType = folder.assetcatalog; path = Assets.xcassets; sourceTree = "<group>"; };
		6CBAF7911EFC3B0B00F250CA /* Base */ = {isa = PBXFileReference; lastKnownFileType = file.storyboard; name = Base; path = Base.lproj/LaunchScreen.storyboard; sourceTree = "<group>"; };
		6CBAF7931EFC3B0B00F250CA /* Info.plist */ = {isa = PBXFileReference; lastKnownFileType = text.plist.xml; path = Info.plist; sourceTree = "<group>"; };
		6CBAF7981EFC3B0B00F250CA /* AutoServiceTests.xctest */ = {isa = PBXFileReference; explicitFileType = wrapper.cfbundle; includeInIndex = 0; path = AutoServiceTests.xctest; sourceTree = BUILT_PRODUCTS_DIR; };
		6CBAF79C1EFC3B0B00F250CA /* AutoServiceTests.swift */ = {isa = PBXFileReference; lastKnownFileType = sourcecode.swift; path = AutoServiceTests.swift; sourceTree = "<group>"; };
		6CBAF79E1EFC3B0B00F250CA /* Info.plist */ = {isa = PBXFileReference; lastKnownFileType = text.plist.xml; path = Info.plist; sourceTree = "<group>"; };
		6CBAF7A31EFC3B0B00F250CA /* AutoServiceUITests.xctest */ = {isa = PBXFileReference; explicitFileType = wrapper.cfbundle; includeInIndex = 0; path = AutoServiceUITests.xctest; sourceTree = BUILT_PRODUCTS_DIR; };
		6CBAF7A71EFC3B0B00F250CA /* AutoServiceUITests.swift */ = {isa = PBXFileReference; lastKnownFileType = sourcecode.swift; path = AutoServiceUITests.swift; sourceTree = "<group>"; };
		6CBAF7A91EFC3B0B00F250CA /* Info.plist */ = {isa = PBXFileReference; lastKnownFileType = text.plist.xml; path = Info.plist; sourceTree = "<group>"; };
/* End PBXFileReference section */

/* Begin PBXFrameworksBuildPhase section */
		6CBAF77F1EFC3B0B00F250CA /* Frameworks */ = {
			isa = PBXFrameworksBuildPhase;
			buildActionMask = 2147483647;
			files = (
			);
			runOnlyForDeploymentPostprocessing = 0;
		};
		6CBAF7951EFC3B0B00F250CA /* Frameworks */ = {
			isa = PBXFrameworksBuildPhase;
			buildActionMask = 2147483647;
			files = (
			);
			runOnlyForDeploymentPostprocessing = 0;
		};
		6CBAF7A01EFC3B0B00F250CA /* Frameworks */ = {
			isa = PBXFrameworksBuildPhase;
			buildActionMask = 2147483647;
			files = (
			);
			runOnlyForDeploymentPostprocessing = 0;
		};
/* End PBXFrameworksBuildPhase section */

/* Begin PBXGroup section */
		6CBAF7791EFC3B0B00F250CA = {
			isa = PBXGroup;
			children = (
				6CBAF7841EFC3B0B00F250CA /* AutoService */,
				6CBAF79B1EFC3B0B00F250CA /* AutoServiceTests */,
				6CBAF7A61EFC3B0B00F250CA /* AutoServiceUITests */,
				6CBAF7831EFC3B0B00F250CA /* Products */,
			);
			sourceTree = "<group>";
		};
		6CBAF7831EFC3B0B00F250CA /* Products */ = {
			isa = PBXGroup;
			children = (
				6CBAF7821EFC3B0B00F250CA /* AutoService.app */,
				6CBAF7981EFC3B0B00F250CA /* AutoServiceTests.xctest */,
				6CBAF7A31EFC3B0B00F250CA /* AutoServiceUITests.xctest */,
			);
			name = Products;
			sourceTree = "<group>";
		};
		6CBAF7841EFC3B0B00F250CA /* AutoService */ = {
			isa = PBXGroup;
			children = (
				6CBAF7851EFC3B0B00F250CA /* AppDelegate.swift */,
				6CBAF7871EFC3B0B00F250CA /* MasterViewController.swift */,
				6CBAF7891EFC3B0B00F250CA /* DetailViewController.swift */,
				6CBAF78B1EFC3B0B00F250CA /* Main.storyboard */,
				6CBAF78E1EFC3B0B00F250CA /* Assets.xcassets */,
				6CBAF7901EFC3B0B00F250CA /* LaunchScreen.storyboard */,
				6CBAF7931EFC3B0B00F250CA /* Info.plist */,
			);
			path = AutoService;
			sourceTree = "<group>";
		};
		6CBAF79B1EFC3B0B00F250CA /* AutoServiceTests */ = {
			isa = PBXGroup;
			children = (
				6CBAF79C1EFC3B0B00F250CA /* AutoServiceTests.swift */,
				6CBAF79E1EFC3B0B00F250CA /* Info.plist */,
			);
			path = AutoServiceTests;
			sourceTree = "<group>";
		};
		6CBAF7A61EFC3B0B00F250CA /* AutoServiceUITests */ = {
			isa = PBXGroup;
			children = (
				6CBAF7A71EFC3B0B00F250CA /* AutoServiceUITests.swift */,
				6CBAF7A91EFC3B0B00F250CA /* Info.plist */,
			);
			path = AutoServiceUITests;
			sourceTree = "<group>";
		};
/* End PBXGroup section */

/* Begin PBXNativeTarget section */
		6CBAF7811EFC3B0B00F250CA /* AutoService */ = {
			isa = PBXNativeTarget;
			buildConfigurationList = 6CBAF7AC1EFC3B0B00F250CA /* Build configuration list for PBXNativeTarget "AutoService" */;
			buildPhases = (
				6CBAF77E1EFC3B0B00F250CA /* Sources */,
				6CBAF77F1EFC3B0B00F250CA /* Frameworks */,
				6CBAF7801EFC3B0B00F250CA /* Resources */,
			);
			buildRules = (
			);
			dependencies = (
			);
			name = AutoService;
			productName = AutoService;
			productReference = 6CBAF7821EFC3B0B00F250CA /* AutoService.app */;
			productType = "com.apple.product-type.application";
		};
		6CBAF7971EFC3B0B00F250CA /* AutoServiceTests */ = {
			isa = PBXNativeTarget;
			buildConfigurationList = 6CBAF7AF1EFC3B0B00F250CA /* Build configuration list for PBXNativeTarget "AutoServiceTests" */;
			buildPhases = (
				6CBAF7941EFC3B0B00F250CA /* Sources */,
				6CBAF7951EFC3B0B00F250CA /* Frameworks */,
				6CBAF7961EFC3B0B00F250CA /* Resources */,
			);
			buildRules = (
			);
			dependencies = (
				6CBAF79A1EFC3B0B00F250CA /* PBXTargetDependency */,
			);
			name = AutoServiceTests;
			productName = AutoServiceTests;
			productReference = 6CBAF7981EFC3B0B00F250CA /* AutoServiceTests.xctest */;
			productType = "com.apple.product-type.bundle.unit-test";
		};
		6CBAF7A21EFC3B0B00F250CA /* AutoServiceUITests */ = {
			isa = PBXNativeTarget;
			buildConfigurationList = 6CBAF7B21EFC3B0B00F250CA /* Build configuration list for PBXNativeTarget "AutoServiceUITests" */;
			buildPhases = (
				6CBAF79F1EFC3B0B00F250CA /* Sources */,
				6CBAF7A01EFC3B0B00F250CA /* Frameworks */,
				6CBAF7A11EFC3B0B00F250CA /* Resources */,
			);
			buildRules = (
			);
			dependencies = (
				6CBAF7A51EFC3B0B00F250CA /* PBXTargetDependency */,
			);
			name = AutoServiceUITests;
			productName = AutoServiceUITests;
			productReference = 6CBAF7A31EFC3B0B00F250CA /* AutoServiceUITests.xctest */;
			productType = "com.apple.product-type.bundle.ui-testing";
		};
/* End PBXNativeTarget section */

/* Begin PBXProject section */
		6CBAF77A1EFC3B0B00F250CA /* Project object */ = {
			isa = PBXProject;
			attributes = {
				LastSwiftUpdateCheck = 0830;
				LastUpgradeCheck = 0830;
				ORGANIZATIONNAME = "bhukya charan singh";
				TargetAttributes = {
					6CBAF7811EFC3B0B00F250CA = {
						CreatedOnToolsVersion = 8.3.3;
						DevelopmentTeam = S53M6K7855;
						ProvisioningStyle = Automatic;
					};
					6CBAF7971EFC3B0B00F250CA = {
						CreatedOnToolsVersion = 8.3.3;
						DevelopmentTeam = S53M6K7855;
						ProvisioningStyle = Automatic;
						TestTargetID = 6CBAF7811EFC3B0B00F250CA;
					};
					6CBAF7A21EFC3B0B00F250CA = {
						CreatedOnToolsVersion = 8.3.3;
						DevelopmentTeam = S53M6K7855;
						ProvisioningStyle = Automatic;
						TestTargetID = 6CBAF7811EFC3B0B00F250CA;
					};
				};
			};
			buildConfigurationList = 6CBAF77D1EFC3B0B00F250CA /* Build configuration list for PBXProject "AutoService" */;
			compatibilityVersion = "Xcode 3.2";
			developmentRegion = English;
			hasScannedForEncodings = 0;
			knownRegions = (
				en,
				Base,
			);
			mainGroup = 6CBAF7791EFC3B0B00F250CA;
			productRefGroup = 6CBAF7831EFC3B0B00F250CA /* Products */;
			projectDirPath = "";
			projectRoot = "";
			targets = (
				6CBAF7811EFC3B0B00F250CA /* AutoService */,
				6CBAF7971EFC3B0B00F250CA /* AutoServiceTests */,
				6CBAF7A21EFC3B0B00F250CA /* AutoServiceUITests */,
			);
		};
/* End PBXProject section */

/* Begin PBXResourcesBuildPhase section */
		6CBAF7801EFC3B0B00F250CA /* Resources */ = {
			isa = PBXResourcesBuildPhase;
			buildActionMask = 2147483647;
			files = (
				6CBAF7921EFC3B0B00F250CA /* LaunchScreen.storyboard in Resources */,
				6CBAF78F1EFC3B0B00F250CA /* Assets.xcassets in Resources */,
				6CBAF78D1EFC3B0B00F250CA /* Main.storyboard in Resources */,
			);
			runOnlyForDeploymentPostprocessing = 0;
		};
		6CBAF7961EFC3B0B00F250CA /* Resources */ = {
			isa = PBXResourcesBuildPhase;
			buildActionMask = 2147483647;
			files = (
			);
			runOnlyForDeploymentPostprocessing = 0;
		};
		6CBAF7A11EFC3B0B00F250CA /* Resources */ = {
			isa = PBXResourcesBuildPhase;
			buildActionMask = 2147483647;
			files = (
			);
			runOnlyForDeploymentPostprocessing = 0;
		};
/* End PBXResourcesBuildPhase section */

/* Begin PBXSourcesBuildPhase section */
		6CBAF77E1EFC3B0B00F250CA /* Sources */ = {
			isa = PBXSourcesBuildPhase;
			buildActionMask = 2147483647;
			files = (
				6CBAF78A1EFC3B0B00F250CA /* DetailViewController.swift in Sources */,
				6CBAF7881EFC3B0B00F250CA /* MasterViewController.swift in Sources */,
				6CBAF7861EFC3B0B00F250CA /* AppDelegate.swift in Sources */,
			);
			runOnlyForDeploymentPostprocessing = 0;
		};
		6CBAF7941EFC3B0B00F250CA /* Sources */ = {
			isa = PBXSourcesBuildPhase;
			buildActionMask = 2147483647;
			files = (
				6CBAF79D1EFC3B0B00F250CA /* AutoServiceTests.swift in Sources */,
			);
			runOnlyForDeploymentPostprocessing = 0;
		};
		6CBAF79F1EFC3B0B00F250CA /* Sources */ = {
			isa = PBXSourcesBuildPhase;
			buildActionMask = 2147483647;
			files = (
				6CBAF7A81EFC3B0B00F250CA /* AutoServiceUITests.swift in Sources */,
			);
			runOnlyForDeploymentPostprocessing = 0;
		};
/* End PBXSourcesBuildPhase section */

/* Begin PBXTargetDependency section */
		6CBAF79A1EFC3B0B00F250CA /* PBXTargetDependency */ = {
			isa = PBXTargetDependency;
			target = 6CBAF7811EFC3B0B00F250CA /* AutoService */;
			targetProxy = 6CBAF7991EFC3B0B00F250CA /* PBXContainerItemProxy */;
		};
		6CBAF7A51EFC3B0B00F250CA /* PBXTargetDependency */ = {
			isa = PBXTargetDependency;
			target = 6CBAF7811EFC3B0B00F250CA /* AutoService */;
			targetProxy = 6CBAF7A41EFC3B0B00F250CA /* PBXContainerItemProxy */;
		};
/* End PBXTargetDependency section */

/* Begin PBXVariantGroup section */
		6CBAF78B1EFC3B0B00F250CA /* Main.storyboard */ = {
			isa = PBXVariantGroup;
			children = (
				6CBAF78C1EFC3B0B00F250CA /* Base */,
			);
			name = Main.storyboard;
			sourceTree = "<group>";
		};
		6CBAF7901EFC3B0B00F250CA /* LaunchScreen.storyboard */ = {
			isa = PBXVariantGroup;
			children = (
				6CBAF7911EFC3B0B00F250CA /* Base */,
			);
			name = LaunchScreen.storyboard;
			sourceTree = "<group>";
		};
/* End PBXVariantGroup section */

/* Begin XCBuildConfiguration section */
		6CBAF7AA1EFC3B0B00F250CA /* Debug */ = {
			isa = XCBuildConfiguration;
			buildSettings = {
				ALWAYS_SEARCH_USER_PATHS = NO;
				CLANG_ANALYZER_NONNULL = YES;
				CLANG_ANALYZER_NUMBER_OBJECT_CONVERSION = YES_AGGRESSIVE;
				CLANG_CXX_LANGUAGE_STANDARD = "gnu++0x";
				CLANG_CXX_LIBRARY = "libc++";
				CLANG_ENABLE_MODULES = YES;
				CLANG_ENABLE_OBJC_ARC = YES;
				CLANG_WARN_BOOL_CONVERSION = YES;
				CLANG_WARN_CONSTANT_CONVERSION = YES;
				CLANG_WARN_DIRECT_OBJC_ISA_USAGE = YES_ERROR;
				CLANG_WARN_DOCUMENTATION_COMMENTS = YES;
				CLANG_WARN_EMPTY_BODY = YES;
				CLANG_WARN_ENUM_CONVERSION = YES;
				CLANG_WARN_INFINITE_RECURSION = YES;
				CLANG_WARN_INT_CONVERSION = YES;
				CLANG_WARN_OBJC_ROOT_CLASS = YES_ERROR;
				CLANG_WARN_SUSPICIOUS_MOVE = YES;
				CLANG_WARN_UNREACHABLE_CODE = YES;
				CLANG_WARN__DUPLICATE_METHOD_MATCH = YES;
				"CODE_SIGN_IDENTITY[sdk=iphoneos*]" = "iPhone Developer";
				COPY_PHASE_STRIP = NO;
				DEBUG_INFORMATION_FORMAT = dwarf;
				ENABLE_STRICT_OBJC_MSGSEND = YES;
				ENABLE_TESTABILITY = YES;
				GCC_C_LANGUAGE_STANDARD = gnu99;
				GCC_DYNAMIC_NO_PIC = NO;
				GCC_NO_COMMON_BLOCKS = YES;
				GCC_OPTIMIZATION_LEVEL = 0;
				GCC_PREPROCESSOR_DEFINITIONS = (
					"DEBUG=1",
					"$(inherited)",
				);
				GCC_WARN_64_TO_32_BIT_CONVERSION = YES;
				GCC_WARN_ABOUT_RETURN_TYPE = YES_ERROR;
				GCC_WARN_UNDECLARED_SELECTOR = YES;
				GCC_WARN_UNINITIALIZED_AUTOS = YES_AGGRESSIVE;
				GCC_WARN_UNUSED_FUNCTION = YES;
				GCC_WARN_UNUSED_VARIABLE = YES;
				IPHONEOS_DEPLOYMENT_TARGET = 10.3;
				MTL_ENABLE_DEBUG_INFO = YES;
				ONLY_ACTIVE_ARCH = YES;
				SDKROOT = iphoneos;
				SWIFT_ACTIVE_COMPILATION_CONDITIONS = DEBUG;
				SWIFT_OPTIMIZATION_LEVEL = "-Onone";
				TARGETED_DEVICE_FAMILY = "1,2";
			};
			name = Debug;
		};
		6CBAF7AB1EFC3B0B00F250CA /* Release */ = {
			isa = XCBuildConfiguration;
			buildSettings = {
				ALWAYS_SEARCH_USER_PATHS = NO;
				CLANG_ANALYZER_NONNULL = YES;
				CLANG_ANALYZER_NUMBER_OBJECT_CONVERSION = YES_AGGRESSIVE;
				CLANG_CXX_LANGUAGE_STANDARD = "gnu++0x";
				CLANG_CXX_LIBRARY = "libc++";
				CLANG_ENABLE_MODULES = YES;
				CLANG_ENABLE_OBJC_ARC = YES;
				CLANG_WARN_BOOL_CONVERSION = YES;
				CLANG_WARN_CONSTANT_CONVERSION = YES;
				CLANG_WARN_DIRECT_OBJC_ISA_USAGE = YES_ERROR;
				CLANG_WARN_DOCUMENTATION_COMMENTS = YES;
				CLANG_WARN_EMPTY_BODY = YES;
				CLANG_WARN_ENUM_CONVERSION = YES;
				CLANG_WARN_INFINITE_RECURSION = YES;
				CLANG_WARN_INT_CONVERSION = YES;
				CLANG_WARN_OBJC_ROOT_CLASS = YES_ERROR;
				CLANG_WARN_SUSPICIOUS_MOVE = YES;
				CLANG_WARN_UNREACHABLE_CODE = YES;
				CLANG_WARN__DUPLICATE_METHOD_MATCH = YES;
				"CODE_SIGN_IDENTITY[sdk=iphoneos*]" = "iPhone Developer";
				COPY_PHASE_STRIP = NO;
				DEBUG_INFORMATION_FORMAT = "dwarf-with-dsym";
				ENABLE_NS_ASSERTIONS = NO;
				ENABLE_STRICT_OBJC_MSGSEND = YES;
				GCC_C_LANGUAGE_STANDARD = gnu99;
				GCC_NO_COMMON_BLOCKS = YES;
				GCC_WARN_64_TO_32_BIT_CONVERSION = YES;
				GCC_WARN_ABOUT_RETURN_TYPE = YES_ERROR;
				GCC_WARN_UNDECLARED_SELECTOR = YES;
				GCC_WARN_UNINITIALIZED_AUTOS = YES_AGGRESSIVE;
				GCC_WARN_UNUSED_FUNCTION = YES;
				GCC_WARN_UNUSED_VARIABLE = YES;
				IPHONEOS_DEPLOYMENT_TARGET = 10.3;
				MTL_ENABLE_DEBUG_INFO = NO;
				SDKROOT = iphoneos;
				SWIFT_OPTIMIZATION_LEVEL = "-Owholemodule";
				TARGETED_DEVICE_FAMILY = "1,2";
				VALIDATE_PRODUCT = YES;
			};
			name = Release;
		};
		6CBAF7AD1EFC3B0B00F250CA /* Debug */ = {
			isa = XCBuildConfiguration;
			buildSettings = {
				ASSETCATALOG_COMPILER_APPICON_NAME = AppIcon;
				DEVELOPMENT_TEAM = S53M6K7855;
				INFOPLIST_FILE = AutoService/Info.plist;
				LD_RUNPATH_SEARCH_PATHS = "$(inherited) @executable_path/Frameworks";
				PRODUCT_BUNDLE_IDENTIFIER = "charan.bhukya875-gmail.com.AutoService";
				PRODUCT_NAME = "$(TARGET_NAME)";
				SWIFT_VERSION = 3.0;
			};
			name = Debug;
		};
		6CBAF7AE1EFC3B0B00F250CA /* Release */ = {
			isa = XCBuildConfiguration;
			buildSettings = {
				ASSETCATALOG_COMPILER_APPICON_NAME = AppIcon;
				DEVELOPMENT_TEAM = S53M6K7855;
				INFOPLIST_FILE = AutoService/Info.plist;
				LD_RUNPATH_SEARCH_PATHS = "$(inherited) @executable_path/Frameworks";
				PRODUCT_BUNDLE_IDENTIFIER = "charan.bhukya875-gmail.com.AutoService";
				PRODUCT_NAME = "$(TARGET_NAME)";
				SWIFT_VERSION = 3.0;
			};
			name = Release;
		};
		6CBAF7B01EFC3B0B00F250CA /* Debug */ = {
			isa = XCBuildConfiguration;
			buildSettings = {
				ALWAYS_EMBED_SWIFT_STANDARD_LIBRARIES = YES;
				BUNDLE_LOADER = "$(TEST_HOST)";
				DEVELOPMENT_TEAM = S53M6K7855;
				INFOPLIST_FILE = AutoServiceTests/Info.plist;
				LD_RUNPATH_SEARCH_PATHS = "$(inherited) @executable_path/Frameworks @loader_path/Frameworks";
				PRODUCT_BUNDLE_IDENTIFIER = "charan.bhukya875-gmail.com.AutoServiceTests";
				PRODUCT_NAME = "$(TARGET_NAME)";
				SWIFT_VERSION = 3.0;
				TEST_HOST = "$(BUILT_PRODUCTS_DIR)/AutoService.app/AutoService";
			};
			name = Debug;
		};
		6CBAF7B11EFC3B0B00F250CA /* Release */ = {
			isa = XCBuildConfiguration;
			buildSettings = {
				ALWAYS_EMBED_SWIFT_STANDARD_LIBRARIES = YES;
				BUNDLE_LOADER = "$(TEST_HOST)";
				DEVELOPMENT_TEAM = S53M6K7855;
				INFOPLIST_FILE = AutoServiceTests/Info.plist;
				LD_RUNPATH_SEARCH_PATHS = "$(inherited) @executable_path/Frameworks @loader_path/Frameworks";
				PRODUCT_BUNDLE_IDENTIFIER = "charan.bhukya875-gmail.com.AutoServiceTests";
				PRODUCT_NAME = "$(TARGET_NAME)";
				SWIFT_VERSION = 3.0;
				TEST_HOST = "$(BUILT_PRODUCTS_DIR)/AutoService.app/AutoService";
			};
			name = Release;
		};
		6CBAF7B31EFC3B0B00F250CA /* Debug */ = {
			isa = XCBuildConfiguration;
			buildSettings = {
				ALWAYS_EMBED_SWIFT_STANDARD_LIBRARIES = YES;
				DEVELOPMENT_TEAM = S53M6K7855;
				INFOPLIST_FILE = AutoServiceUITests/Info.plist;
				LD_RUNPATH_SEARCH_PATHS = "$(inherited) @executable_path/Frameworks @loader_path/Frameworks";
				PRODUCT_BUNDLE_IDENTIFIER = "charan.bhukya875-gmail.com.AutoServiceUITests";
				PRODUCT_NAME = "$(TARGET_NAME)";
				SWIFT_VERSION = 3.0;
				TEST_TARGET_NAME = AutoService;
			};
			name = Debug;
		};
		6CBAF7B41EFC3B0B00F250CA /* Release */ = {
			isa = XCBuildConfiguration;
			buildSettings = {
				ALWAYS_EMBED_SWIFT_STANDARD_LIBRARIES = YES;
				DEVELOPMENT_TEAM = S53M6K7855;
				INFOPLIST_FILE = AutoServiceUITests/Info.plist;
				LD_RUNPATH_SEARCH_PATHS = "$(inherited) @executable_path/Frameworks @loader_path/Frameworks";
				PRODUCT_BUNDLE_IDENTIFIER = "charan.bhukya875-gmail.com.AutoServiceUITests";
				PRODUCT_NAME = "$(TARGET_NAME)";
				SWIFT_VERSION = 3.0;
				TEST_TARGET_NAME = AutoService;
			};
			name = Release;
		};
/* End XCBuildConfiguration section */

/* Begin XCConfigurationList section */
		6CBAF77D1EFC3B0B00F250CA /* Build configuration list for PBXProject "AutoService" */ = {
			isa = XCConfigurationList;
			buildConfigurations = (
				6CBAF7AA1EFC3B0B00F250CA /* Debug */,
				6CBAF7AB1EFC3B0B00F250CA /* Release */,
			);
			defaultConfigurationIsVisible = 0;
			defaultConfigurationName = Release;
		};
		6CBAF7AC1EFC3B0B00F250CA /* Build configuration list for PBXNativeTarget "AutoService" */ = {
			isa = XCConfigurationList;
			buildConfigurations = (
				6CBAF7AD1EFC3B0B00F250CA /* Debug */,
				6CBAF7AE1EFC3B0B00F250CA /* Release */,
			);
			defaultConfigurationIsVisible = 0;
		};
		6CBAF7AF1EFC3B0B00F250CA /* Build configuration list for PBXNativeTarget "AutoServiceTests" */ = {
			isa = XCConfigurationList;
			buildConfigurations = (
				6CBAF7B01EFC3B0B00F250CA /* Debug */,
				6CBAF7B11EFC3B0B00F250CA /* Release */,
			);
			defaultConfigurationIsVisible = 0;
		};
		6CBAF7B21EFC3B0B00F250CA /* Build configuration list for PBXNativeTarget "AutoServiceUITests" */ = {
			isa = XCConfigurationList;
			buildConfigurations = (
				6CBAF7B31EFC3B0B00F250CA /* Debug */,
				6CBAF7B41EFC3B0B00F250CA /* Release */,
			);
			defaultConfigurationIsVisible = 0;
		};
/* End XCConfigurationList section */
	};
	rootObject = 6CBAF77A1EFC3B0B00F250CA /* Project object */;
}
