// !$*UTF8*$!
{
	archiveVersion = 1;
	classes = {
	};
	objectVersion = 46;
	objects = {

/* Begin PBXBuildFile section */
		6CFCB8E41F2A5A24007A1545 /* AppDelegate.swift in Sources */ = {isa = PBXBuildFile; fileRef = 6CFCB8E31F2A5A24007A1545 /* AppDelegate.swift */; };
		6CFCB8E61F2A5A2E007A1545 /* ViewController.swift in Sources */ = {isa = PBXBuildFile; fileRef = 6CFCB8E51F2A5A2D007A1545 /* ViewController.swift */; };
		6CFCB8E91F2A5A35007A1545 /* Main.storyboard in Resources */ = {isa = PBXBuildFile; fileRef = 6CFCB8E71F2A5A34007A1545 /* Main.storyboard */; };
		6CFCB8EB1F2A5A36007A1545 /* Assets.xcassets in Resources */ = {isa = PBXBuildFile; fileRef = 6CFCB8EA1F2A5A36007A1545 /* Assets.xcassets */; };
		6CFCB8EE1F2A5A36007A1545 /* LaunchScreen.storyboard in Resources */ = {isa = PBXBuildFile; fileRef = 6CFCB8EC1F2A5A36007A1545 /* LaunchScreen.storyboard */; };
		6CFCB8F91F2A5A3A007A1545 /* AutoService_ExecutiveTests.swift in Sources */ = {isa = PBXBuildFile; fileRef = 6CFCB8F81F2A5A3A007A1545 /* AutoService_ExecutiveTests.swift */; };
		6CFCB9041F2A5A3D007A1545 /* AutoService_ExecutiveUITests.swift in Sources */ = {isa = PBXBuildFile; fileRef = 6CFCB9031F2A5A3D007A1545 /* AutoService_ExecutiveUITests.swift */; };
/* End PBXBuildFile section */

/* Begin PBXContainerItemProxy section */
		6CFCB8F51F2A5A38007A1545 /* PBXContainerItemProxy */ = {
			isa = PBXContainerItemProxy;
			containerPortal = 6CFCB8D81F2A5A20007A1545 /* Project object */;
			proxyType = 1;
			remoteGlobalIDString = 6CFCB8DF1F2A5A22007A1545;
			remoteInfo = "AutoService Executive";
		};
		6CFCB9001F2A5A3D007A1545 /* PBXContainerItemProxy */ = {
			isa = PBXContainerItemProxy;
			containerPortal = 6CFCB8D81F2A5A20007A1545 /* Project object */;
			proxyType = 1;
			remoteGlobalIDString = 6CFCB8DF1F2A5A22007A1545;
			remoteInfo = "AutoService Executive";
		};
/* End PBXContainerItemProxy section */

/* Begin PBXFileReference section */
		6CFCB8E01F2A5A22007A1545 /* AutoService Executive.app */ = {isa = PBXFileReference; explicitFileType = wrapper.application; includeInIndex = 0; path = "AutoService Executive.app"; sourceTree = BUILT_PRODUCTS_DIR; };
		6CFCB8E31F2A5A24007A1545 /* AppDelegate.swift */ = {isa = PBXFileReference; lastKnownFileType = sourcecode.swift; path = AppDelegate.swift; sourceTree = "<group>"; };
		6CFCB8E51F2A5A2D007A1545 /* ViewController.swift */ = {isa = PBXFileReference; lastKnownFileType = sourcecode.swift; path = ViewController.swift; sourceTree = "<group>"; };
		6CFCB8E81F2A5A35007A1545 /* Base */ = {isa = PBXFileReference; lastKnownFileType = file.storyboard; name = Base; path = Base.lproj/Main.storyboard; sourceTree = "<group>"; };
		6CFCB8EA1F2A5A36007A1545 /* Assets.xcassets */ = {isa = PBXFileReference; lastKnownFileType = folder.assetcatalog; path = Assets.xcassets; sourceTree = "<group>"; };
		6CFCB8ED1F2A5A36007A1545 /* Base */ = {isa = PBXFileReference; lastKnownFileType = file.storyboard; name = Base; path = Base.lproj/LaunchScreen.storyboard; sourceTree = "<group>"; };
		6CFCB8EF1F2A5A37007A1545 /* Info.plist */ = {isa = PBXFileReference; lastKnownFileType = text.plist.xml; path = Info.plist; sourceTree = "<group>"; };
		6CFCB8F41F2A5A38007A1545 /* AutoService ExecutiveTests.xctest */ = {isa = PBXFileReference; explicitFileType = wrapper.cfbundle; includeInIndex = 0; path = "AutoService ExecutiveTests.xctest"; sourceTree = BUILT_PRODUCTS_DIR; };
		6CFCB8F81F2A5A3A007A1545 /* AutoService_ExecutiveTests.swift */ = {isa = PBXFileReference; lastKnownFileType = sourcecode.swift; path = AutoService_ExecutiveTests.swift; sourceTree = "<group>"; };
		6CFCB8FA1F2A5A3C007A1545 /* Info.plist */ = {isa = PBXFileReference; lastKnownFileType = text.plist.xml; path = Info.plist; sourceTree = "<group>"; };
		6CFCB8FF1F2A5A3D007A1545 /* AutoService ExecutiveUITests.xctest */ = {isa = PBXFileReference; explicitFileType = wrapper.cfbundle; includeInIndex = 0; path = "AutoService ExecutiveUITests.xctest"; sourceTree = BUILT_PRODUCTS_DIR; };
		6CFCB9031F2A5A3D007A1545 /* AutoService_ExecutiveUITests.swift */ = {isa = PBXFileReference; lastKnownFileType = sourcecode.swift; path = AutoService_ExecutiveUITests.swift; sourceTree = "<group>"; };
		6CFCB9051F2A5A3D007A1545 /* Info.plist */ = {isa = PBXFileReference; lastKnownFileType = text.plist.xml; path = Info.plist; sourceTree = "<group>"; };
/* End PBXFileReference section */

/* Begin PBXFrameworksBuildPhase section */
		6CFCB8DD1F2A5A22007A1545 /* Frameworks */ = {
			isa = PBXFrameworksBuildPhase;
			buildActionMask = 2147483647;
			files = (
			);
			runOnlyForDeploymentPostprocessing = 0;
		};
		6CFCB8F11F2A5A38007A1545 /* Frameworks */ = {
			isa = PBXFrameworksBuildPhase;
			buildActionMask = 2147483647;
			files = (
			);
			runOnlyForDeploymentPostprocessing = 0;
		};
		6CFCB8FC1F2A5A3C007A1545 /* Frameworks */ = {
			isa = PBXFrameworksBuildPhase;
			buildActionMask = 2147483647;
			files = (
			);
			runOnlyForDeploymentPostprocessing = 0;
		};
/* End PBXFrameworksBuildPhase section */

/* Begin PBXGroup section */
		6CFCB8D71F2A5A20007A1545 = {
			isa = PBXGroup;
			children = (
				6CFCB8E21F2A5A22007A1545 /* AutoService Executive */,
				6CFCB8F71F2A5A38007A1545 /* AutoService ExecutiveTests */,
				6CFCB9021F2A5A3D007A1545 /* AutoService ExecutiveUITests */,
				6CFCB8E11F2A5A22007A1545 /* Products */,
			);
			sourceTree = "<group>";
		};
		6CFCB8E11F2A5A22007A1545 /* Products */ = {
			isa = PBXGroup;
			children = (
				6CFCB8E01F2A5A22007A1545 /* AutoService Executive.app */,
				6CFCB8F41F2A5A38007A1545 /* AutoService ExecutiveTests.xctest */,
				6CFCB8FF1F2A5A3D007A1545 /* AutoService ExecutiveUITests.xctest */,
			);
			name = Products;
			sourceTree = "<group>";
		};
		6CFCB8E21F2A5A22007A1545 /* AutoService Executive */ = {
			isa = PBXGroup;
			children = (
				6CFCB8E31F2A5A24007A1545 /* AppDelegate.swift */,
				6CFCB8E51F2A5A2D007A1545 /* ViewController.swift */,
				6CFCB8E71F2A5A34007A1545 /* Main.storyboard */,
				6CFCB8EA1F2A5A36007A1545 /* Assets.xcassets */,
				6CFCB8EC1F2A5A36007A1545 /* LaunchScreen.storyboard */,
				6CFCB8EF1F2A5A37007A1545 /* Info.plist */,
			);
			path = "AutoService Executive";
			sourceTree = "<group>";
		};
		6CFCB8F71F2A5A38007A1545 /* AutoService ExecutiveTests */ = {
			isa = PBXGroup;
			children = (
				6CFCB8F81F2A5A3A007A1545 /* AutoService_ExecutiveTests.swift */,
				6CFCB8FA1F2A5A3C007A1545 /* Info.plist */,
			);
			path = "AutoService ExecutiveTests";
			sourceTree = "<group>";
		};
		6CFCB9021F2A5A3D007A1545 /* AutoService ExecutiveUITests */ = {
			isa = PBXGroup;
			children = (
				6CFCB9031F2A5A3D007A1545 /* AutoService_ExecutiveUITests.swift */,
				6CFCB9051F2A5A3D007A1545 /* Info.plist */,
			);
			path = "AutoService ExecutiveUITests";
			sourceTree = "<group>";
		};
/* End PBXGroup section */

/* Begin PBXNativeTarget section */
		6CFCB8DF1F2A5A22007A1545 /* AutoService Executive */ = {
			isa = PBXNativeTarget;
			buildConfigurationList = 6CFCB9081F2A5A3E007A1545 /* Build configuration list for PBXNativeTarget "AutoService Executive" */;
			buildPhases = (
				6CFCB8DC1F2A5A22007A1545 /* Sources */,
				6CFCB8DD1F2A5A22007A1545 /* Frameworks */,
				6CFCB8DE1F2A5A22007A1545 /* Resources */,
			);
			buildRules = (
			);
			dependencies = (
			);
			name = "AutoService Executive";
			productName = "AutoService Executive";
			productReference = 6CFCB8E01F2A5A22007A1545 /* AutoService Executive.app */;
			productType = "com.apple.product-type.application";
		};
		6CFCB8F31F2A5A38007A1545 /* AutoService ExecutiveTests */ = {
			isa = PBXNativeTarget;
			buildConfigurationList = 6CFCB90B1F2A5A3E007A1545 /* Build configuration list for PBXNativeTarget "AutoService ExecutiveTests" */;
			buildPhases = (
				6CFCB8F01F2A5A38007A1545 /* Sources */,
				6CFCB8F11F2A5A38007A1545 /* Frameworks */,
				6CFCB8F21F2A5A38007A1545 /* Resources */,
			);
			buildRules = (
			);
			dependencies = (
				6CFCB8F61F2A5A38007A1545 /* PBXTargetDependency */,
			);
			name = "AutoService ExecutiveTests";
			productName = "AutoService ExecutiveTests";
			productReference = 6CFCB8F41F2A5A38007A1545 /* AutoService ExecutiveTests.xctest */;
			productType = "com.apple.product-type.bundle.unit-test";
		};
		6CFCB8FE1F2A5A3C007A1545 /* AutoService ExecutiveUITests */ = {
			isa = PBXNativeTarget;
			buildConfigurationList = 6CFCB90E1F2A5A3E007A1545 /* Build configuration list for PBXNativeTarget "AutoService ExecutiveUITests" */;
			buildPhases = (
				6CFCB8FB1F2A5A3C007A1545 /* Sources */,
				6CFCB8FC1F2A5A3C007A1545 /* Frameworks */,
				6CFCB8FD1F2A5A3C007A1545 /* Resources */,
			);
			buildRules = (
			);
			dependencies = (
				6CFCB9011F2A5A3D007A1545 /* PBXTargetDependency */,
			);
			name = "AutoService ExecutiveUITests";
			productName = "AutoService ExecutiveUITests";
			productReference = 6CFCB8FF1F2A5A3D007A1545 /* AutoService ExecutiveUITests.xctest */;
			productType = "com.apple.product-type.bundle.ui-testing";
		};
/* End PBXNativeTarget section */

/* Begin PBXProject section */
		6CFCB8D81F2A5A20007A1545 /* Project object */ = {
			isa = PBXProject;
			attributes = {
				LastSwiftUpdateCheck = 0830;
				LastUpgradeCheck = 0830;
				ORGANIZATIONNAME = "bhukya charan singh";
				TargetAttributes = {
					6CFCB8DF1F2A5A22007A1545 = {
						CreatedOnToolsVersion = 8.3.3;
						DevelopmentTeam = S53M6K7855;
						ProvisioningStyle = Automatic;
					};
					6CFCB8F31F2A5A38007A1545 = {
						CreatedOnToolsVersion = 8.3.3;
						DevelopmentTeam = S53M6K7855;
						ProvisioningStyle = Automatic;
						TestTargetID = 6CFCB8DF1F2A5A22007A1545;
					};
					6CFCB8FE1F2A5A3C007A1545 = {
						CreatedOnToolsVersion = 8.3.3;
						DevelopmentTeam = S53M6K7855;
						ProvisioningStyle = Automatic;
						TestTargetID = 6CFCB8DF1F2A5A22007A1545;
					};
				};
			};
			buildConfigurationList = 6CFCB8DB1F2A5A21007A1545 /* Build configuration list for PBXProject "AutoService Executive" */;
			compatibilityVersion = "Xcode 3.2";
			developmentRegion = English;
			hasScannedForEncodings = 0;
			knownRegions = (
				en,
				Base,
			);
			mainGroup = 6CFCB8D71F2A5A20007A1545;
			productRefGroup = 6CFCB8E11F2A5A22007A1545 /* Products */;
			projectDirPath = "";
			projectRoot = "";
			targets = (
				6CFCB8DF1F2A5A22007A1545 /* AutoService Executive */,
				6CFCB8F31F2A5A38007A1545 /* AutoService ExecutiveTests */,
				6CFCB8FE1F2A5A3C007A1545 /* AutoService ExecutiveUITests */,
			);
		};
/* End PBXProject section */

/* Begin PBXResourcesBuildPhase section */
		6CFCB8DE1F2A5A22007A1545 /* Resources */ = {
			isa = PBXResourcesBuildPhase;
			buildActionMask = 2147483647;
			files = (
				6CFCB8EE1F2A5A36007A1545 /* LaunchScreen.storyboard in Resources */,
				6CFCB8EB1F2A5A36007A1545 /* Assets.xcassets in Resources */,
				6CFCB8E91F2A5A35007A1545 /* Main.storyboard in Resources */,
			);
			runOnlyForDeploymentPostprocessing = 0;
		};
		6CFCB8F21F2A5A38007A1545 /* Resources */ = {
			isa = PBXResourcesBuildPhase;
			buildActionMask = 2147483647;
			files = (
			);
			runOnlyForDeploymentPostprocessing = 0;
		};
		6CFCB8FD1F2A5A3C007A1545 /* Resources */ = {
			isa = PBXResourcesBuildPhase;
			buildActionMask = 2147483647;
			files = (
			);
			runOnlyForDeploymentPostprocessing = 0;
		};
/* End PBXResourcesBuildPhase section */

/* Begin PBXSourcesBuildPhase section */
		6CFCB8DC1F2A5A22007A1545 /* Sources */ = {
			isa = PBXSourcesBuildPhase;
			buildActionMask = 2147483647;
			files = (
				6CFCB8E61F2A5A2E007A1545 /* ViewController.swift in Sources */,
				6CFCB8E41F2A5A24007A1545 /* AppDelegate.swift in Sources */,
			);
			runOnlyForDeploymentPostprocessing = 0;
		};
		6CFCB8F01F2A5A38007A1545 /* Sources */ = {
			isa = PBXSourcesBuildPhase;
			buildActionMask = 2147483647;
			files = (
				6CFCB8F91F2A5A3A007A1545 /* AutoService_ExecutiveTests.swift in Sources */,
			);
			runOnlyForDeploymentPostprocessing = 0;
		};
		6CFCB8FB1F2A5A3C007A1545 /* Sources */ = {
			isa = PBXSourcesBuildPhase;
			buildActionMask = 2147483647;
			files = (
				6CFCB9041F2A5A3D007A1545 /* AutoService_ExecutiveUITests.swift in Sources */,
			);
			runOnlyForDeploymentPostprocessing = 0;
		};
/* End PBXSourcesBuildPhase section */

/* Begin PBXTargetDependency section */
		6CFCB8F61F2A5A38007A1545 /* PBXTargetDependency */ = {
			isa = PBXTargetDependency;
			target = 6CFCB8DF1F2A5A22007A1545 /* AutoService Executive */;
			targetProxy = 6CFCB8F51F2A5A38007A1545 /* PBXContainerItemProxy */;
		};
		6CFCB9011F2A5A3D007A1545 /* PBXTargetDependency */ = {
			isa = PBXTargetDependency;
			target = 6CFCB8DF1F2A5A22007A1545 /* AutoService Executive */;
			targetProxy = 6CFCB9001F2A5A3D007A1545 /* PBXContainerItemProxy */;
		};
/* End PBXTargetDependency section */

/* Begin PBXVariantGroup section */
		6CFCB8E71F2A5A34007A1545 /* Main.storyboard */ = {
			isa = PBXVariantGroup;
			children = (
				6CFCB8E81F2A5A35007A1545 /* Base */,
			);
			name = Main.storyboard;
			sourceTree = "<group>";
		};
		6CFCB8EC1F2A5A36007A1545 /* LaunchScreen.storyboard */ = {
			isa = PBXVariantGroup;
			children = (
				6CFCB8ED1F2A5A36007A1545 /* Base */,
			);
			name = LaunchScreen.storyboard;
			sourceTree = "<group>";
		};
/* End PBXVariantGroup section */

/* Begin XCBuildConfiguration section */
		6CFCB9061F2A5A3D007A1545 /* Debug */ = {
			isa = XCBuildConfiguration;
			buildSettings = {
				ALWAYS_SEARCH_USER_PATHS = NO;
				CLANG_ANALYZER_NONNULL = YES;
				CLANG_ANALYZER_NUMBER_OBJECT_CONVERSION = YES_AGGRESSIVE;
				CLANG_CXX_LANGUAGE_STANDARD = "gnu++0x";
				CLANG_CXX_LIBRARY = "libc++";
				CLANG_ENABLE_MODULES = YES;
				CLANG_ENABLE_OBJC_ARC = YES;
				CLANG_WARN_BOOL_CONVERSION = YES;
				CLANG_WARN_CONSTANT_CONVERSION = YES;
				CLANG_WARN_DIRECT_OBJC_ISA_USAGE = YES_ERROR;
				CLANG_WARN_DOCUMENTATION_COMMENTS = YES;
				CLANG_WARN_EMPTY_BODY = YES;
				CLANG_WARN_ENUM_CONVERSION = YES;
				CLANG_WARN_INFINITE_RECURSION = YES;
				CLANG_WARN_INT_CONVERSION = YES;
				CLANG_WARN_OBJC_ROOT_CLASS = YES_ERROR;
				CLANG_WARN_SUSPICIOUS_MOVE = YES;
				CLANG_WARN_UNREACHABLE_CODE = YES;
				CLANG_WARN__DUPLICATE_METHOD_MATCH = YES;
				"CODE_SIGN_IDENTITY[sdk=iphoneos*]" = "iPhone Developer";
				COPY_PHASE_STRIP = NO;
				DEBUG_INFORMATION_FORMAT = dwarf;
				ENABLE_STRICT_OBJC_MSGSEND = YES;
				ENABLE_TESTABILITY = YES;
				GCC_C_LANGUAGE_STANDARD = gnu99;
				GCC_DYNAMIC_NO_PIC = NO;
				GCC_NO_COMMON_BLOCKS = YES;
				GCC_OPTIMIZATION_LEVEL = 0;
				GCC_PREPROCESSOR_DEFINITIONS = (
					"DEBUG=1",
					"$(inherited)",
				);
				GCC_WARN_64_TO_32_BIT_CONVERSION = YES;
				GCC_WARN_ABOUT_RETURN_TYPE = YES_ERROR;
				GCC_WARN_UNDECLARED_SELECTOR = YES;
				GCC_WARN_UNINITIALIZED_AUTOS = YES_AGGRESSIVE;
				GCC_WARN_UNUSED_FUNCTION = YES;
				GCC_WARN_UNUSED_VARIABLE = YES;
				IPHONEOS_DEPLOYMENT_TARGET = 10.3;
				MTL_ENABLE_DEBUG_INFO = YES;
				ONLY_ACTIVE_ARCH = YES;
				SDKROOT = iphoneos;
				SWIFT_ACTIVE_COMPILATION_CONDITIONS = DEBUG;
				SWIFT_OPTIMIZATION_LEVEL = "-Onone";
				TARGETED_DEVICE_FAMILY = "1,2";
			};
			name = Debug;
		};
		6CFCB9071F2A5A3E007A1545 /* Release */ = {
			isa = XCBuildConfiguration;
			buildSettings = {
				ALWAYS_SEARCH_USER_PATHS = NO;
				CLANG_ANALYZER_NONNULL = YES;
				CLANG_ANALYZER_NUMBER_OBJECT_CONVERSION = YES_AGGRESSIVE;
				CLANG_CXX_LANGUAGE_STANDARD = "gnu++0x";
				CLANG_CXX_LIBRARY = "libc++";
				CLANG_ENABLE_MODULES = YES;
				CLANG_ENABLE_OBJC_ARC = YES;
				CLANG_WARN_BOOL_CONVERSION = YES;
				CLANG_WARN_CONSTANT_CONVERSION = YES;
				CLANG_WARN_DIRECT_OBJC_ISA_USAGE = YES_ERROR;
				CLANG_WARN_DOCUMENTATION_COMMENTS = YES;
				CLANG_WARN_EMPTY_BODY = YES;
				CLANG_WARN_ENUM_CONVERSION = YES;
				CLANG_WARN_INFINITE_RECURSION = YES;
				CLANG_WARN_INT_CONVERSION = YES;
				CLANG_WARN_OBJC_ROOT_CLASS = YES_ERROR;
				CLANG_WARN_SUSPICIOUS_MOVE = YES;
				CLANG_WARN_UNREACHABLE_CODE = YES;
				CLANG_WARN__DUPLICATE_METHOD_MATCH = YES;
				"CODE_SIGN_IDENTITY[sdk=iphoneos*]" = "iPhone Developer";
				COPY_PHASE_STRIP = NO;
				DEBUG_INFORMATION_FORMAT = "dwarf-with-dsym";
				ENABLE_NS_ASSERTIONS = NO;
				ENABLE_STRICT_OBJC_MSGSEND = YES;
				GCC_C_LANGUAGE_STANDARD = gnu99;
				GCC_NO_COMMON_BLOCKS = YES;
				GCC_WARN_64_TO_32_BIT_CONVERSION = YES;
				GCC_WARN_ABOUT_RETURN_TYPE = YES_ERROR;
				GCC_WARN_UNDECLARED_SELECTOR = YES;
				GCC_WARN_UNINITIALIZED_AUTOS = YES_AGGRESSIVE;
				GCC_WARN_UNUSED_FUNCTION = YES;
				GCC_WARN_UNUSED_VARIABLE = YES;
				IPHONEOS_DEPLOYMENT_TARGET = 10.3;
				MTL_ENABLE_DEBUG_INFO = NO;
				SDKROOT = iphoneos;
				SWIFT_OPTIMIZATION_LEVEL = "-Owholemodule";
				TARGETED_DEVICE_FAMILY = "1,2";
				VALIDATE_PRODUCT = YES;
			};
			name = Release;
		};
		6CFCB9091F2A5A3E007A1545 /* Debug */ = {
			isa = XCBuildConfiguration;
			buildSettings = {
				ASSETCATALOG_COMPILER_APPICON_NAME = AppIcon;
				DEVELOPMENT_TEAM = S53M6K7855;
				INFOPLIST_FILE = "AutoService Executive/Info.plist";
				LD_RUNPATH_SEARCH_PATHS = "$(inherited) @executable_path/Frameworks";
				PRODUCT_BUNDLE_IDENTIFIER = "charan.bhukya875-gmail.com.AutoService-Executive";
				PRODUCT_NAME = "$(TARGET_NAME)";
				SWIFT_VERSION = 3.0;
			};
			name = Debug;
		};
		6CFCB90A1F2A5A3E007A1545 /* Release */ = {
			isa = XCBuildConfiguration;
			buildSettings = {
				ASSETCATALOG_COMPILER_APPICON_NAME = AppIcon;
				DEVELOPMENT_TEAM = S53M6K7855;
				INFOPLIST_FILE = "AutoService Executive/Info.plist";
				LD_RUNPATH_SEARCH_PATHS = "$(inherited) @executable_path/Frameworks";
				PRODUCT_BUNDLE_IDENTIFIER = "charan.bhukya875-gmail.com.AutoService-Executive";
				PRODUCT_NAME = "$(TARGET_NAME)";
				SWIFT_VERSION = 3.0;
			};
			name = Release;
		};
		6CFCB90C1F2A5A3E007A1545 /* Debug */ = {
			isa = XCBuildConfiguration;
			buildSettings = {
				ALWAYS_EMBED_SWIFT_STANDARD_LIBRARIES = YES;
				BUNDLE_LOADER = "$(TEST_HOST)";
				DEVELOPMENT_TEAM = S53M6K7855;
				INFOPLIST_FILE = "AutoService ExecutiveTests/Info.plist";
				LD_RUNPATH_SEARCH_PATHS = "$(inherited) @executable_path/Frameworks @loader_path/Frameworks";
				PRODUCT_BUNDLE_IDENTIFIER = "charan.bhukya875-gmail.com.AutoService-ExecutiveTests";
				PRODUCT_NAME = "$(TARGET_NAME)";
				SWIFT_VERSION = 3.0;
				TEST_HOST = "$(BUILT_PRODUCTS_DIR)/AutoService Executive.app/AutoService Executive";
			};
			name = Debug;
		};
		6CFCB90D1F2A5A3E007A1545 /* Release */ = {
			isa = XCBuildConfiguration;
			buildSettings = {
				ALWAYS_EMBED_SWIFT_STANDARD_LIBRARIES = YES;
				BUNDLE_LOADER = "$(TEST_HOST)";
				DEVELOPMENT_TEAM = S53M6K7855;
				INFOPLIST_FILE = "AutoService ExecutiveTests/Info.plist";
				LD_RUNPATH_SEARCH_PATHS = "$(inherited) @executable_path/Frameworks @loader_path/Frameworks";
				PRODUCT_BUNDLE_IDENTIFIER = "charan.bhukya875-gmail.com.AutoService-ExecutiveTests";
				PRODUCT_NAME = "$(TARGET_NAME)";
				SWIFT_VERSION = 3.0;
				TEST_HOST = "$(BUILT_PRODUCTS_DIR)/AutoService Executive.app/AutoService Executive";
			};
			name = Release;
		};
		6CFCB90F1F2A5A3E007A1545 /* Debug */ = {
			isa = XCBuildConfiguration;
			buildSettings = {
				ALWAYS_EMBED_SWIFT_STANDARD_LIBRARIES = YES;
				DEVELOPMENT_TEAM = S53M6K7855;
				INFOPLIST_FILE = "AutoService ExecutiveUITests/Info.plist";
				LD_RUNPATH_SEARCH_PATHS = "$(inherited) @executable_path/Frameworks @loader_path/Frameworks";
				PRODUCT_BUNDLE_IDENTIFIER = "charan.bhukya875-gmail.com.AutoService-ExecutiveUITests";
				PRODUCT_NAME = "$(TARGET_NAME)";
				SWIFT_VERSION = 3.0;
				TEST_TARGET_NAME = "AutoService Executive";
			};
			name = Debug;
		};
		6CFCB9101F2A5A3E007A1545 /* Release */ = {
			isa = XCBuildConfiguration;
			buildSettings = {
				ALWAYS_EMBED_SWIFT_STANDARD_LIBRARIES = YES;
				DEVELOPMENT_TEAM = S53M6K7855;
				INFOPLIST_FILE = "AutoService ExecutiveUITests/Info.plist";
				LD_RUNPATH_SEARCH_PATHS = "$(inherited) @executable_path/Frameworks @loader_path/Frameworks";
				PRODUCT_BUNDLE_IDENTIFIER = "charan.bhukya875-gmail.com.AutoService-ExecutiveUITests";
				PRODUCT_NAME = "$(TARGET_NAME)";
				SWIFT_VERSION = 3.0;
				TEST_TARGET_NAME = "AutoService Executive";
			};
			name = Release;
		};
/* End XCBuildConfiguration section */

/* Begin XCConfigurationList section */
		6CFCB8DB1F2A5A21007A1545 /* Build configuration list for PBXProject "AutoService Executive" */ = {
			isa = XCConfigurationList;
			buildConfigurations = (
				6CFCB9061F2A5A3D007A1545 /* Debug */,
				6CFCB9071F2A5A3E007A1545 /* Release */,
			);
			defaultConfigurationIsVisible = 0;
			defaultConfigurationName = Release;
		};
		6CFCB9081F2A5A3E007A1545 /* Build configuration list for PBXNativeTarget "AutoService Executive" */ = {
			isa = XCConfigurationList;
			buildConfigurations = (
				6CFCB9091F2A5A3E007A1545 /* Debug */,
				6CFCB90A1F2A5A3E007A1545 /* Release */,
			);
			defaultConfigurationIsVisible = 0;
		};
		6CFCB90B1F2A5A3E007A1545 /* Build configuration list for PBXNativeTarget "AutoService ExecutiveTests" */ = {
			isa = XCConfigurationList;
			buildConfigurations = (
				6CFCB90C1F2A5A3E007A1545 /* Debug */,
				6CFCB90D1F2A5A3E007A1545 /* Release */,
			);
			defaultConfigurationIsVisible = 0;
		};
		6CFCB90E1F2A5A3E007A1545 /* Build configuration list for PBXNativeTarget "AutoService ExecutiveUITests" */ = {
			isa = XCConfigurationList;
			buildConfigurations = (
				6CFCB90F1F2A5A3E007A1545 /* Debug */,
				6CFCB9101F2A5A3E007A1545 /* Release */,
			);
			defaultConfigurationIsVisible = 0;
		};
/* End XCConfigurationList section */
	};
	rootObject = 6CFCB8D81F2A5A20007A1545 /* Project object */;
}
